// !$*UTF8*$!
{
	archiveVersion = 1;
	classes = {
	};
	objectVersion = 46;
	objects = {

/* Begin PBXBuildFile section */
		3A140BBB199D8B2400FADDBA /* PracticeScene.swift in Sources */ = {isa = PBXBuildFile; fileRef = 3A140BBA199D8B2400FADDBA /* PracticeScene.swift */; };
		3A140BBF199D8DE300FADDBA /* TrainingScene.swift in Sources */ = {isa = PBXBuildFile; fileRef = 3A140BBE199D8DE300FADDBA /* TrainingScene.swift */; };
		3A140BC1199D8E4600FADDBA /* ChallengeScene.swift in Sources */ = {isa = PBXBuildFile; fileRef = 3A140BC0199D8E4600FADDBA /* ChallengeScene.swift */; };
		3A140BC3199D908800FADDBA /* PracticeHudNode.swift in Sources */ = {isa = PBXBuildFile; fileRef = 3A140BC2199D908800FADDBA /* PracticeHudNode.swift */; };
		3A140BC5199D966300FADDBA /* ChallengeHud.swift in Sources */ = {isa = PBXBuildFile; fileRef = 3A140BC4199D966300FADDBA /* ChallengeHud.swift */; };
		3A140BC7199DA24600FADDBA /* GameOverScene.swift in Sources */ = {isa = PBXBuildFile; fileRef = 3A140BC6199DA24600FADDBA /* GameOverScene.swift */; };
		3A6A1ADF199C3B10001CDDDB /* Sprites.atlas in Resources */ = {isa = PBXBuildFile; fileRef = 3A6A1ADE199C3B10001CDDDB /* Sprites.atlas */; };
		3A73ABFC199BEA4100AD13EC /* SpriteButton.swift in Sources */ = {isa = PBXBuildFile; fileRef = 3A73ABFB199BEA4000AD13EC /* SpriteButton.swift */; };
		3ADD55E81997C950009807BB /* AppDelegate.swift in Sources */ = {isa = PBXBuildFile; fileRef = 3ADD55E71997C950009807BB /* AppDelegate.swift */; };
		3ADD55F11997C951009807BB /* Main.storyboard in Resources */ = {isa = PBXBuildFile; fileRef = 3ADD55EF1997C951009807BB /* Main.storyboard */; };
		3ADD55F31997C951009807BB /* Images.xcassets in Resources */ = {isa = PBXBuildFile; fileRef = 3ADD55F21997C951009807BB /* Images.xcassets */; };
		3ADD55FF1997C951009807BB /* Clef_QuizzerTests.swift in Sources */ = {isa = PBXBuildFile; fileRef = 3ADD55FE1997C951009807BB /* Clef_QuizzerTests.swift */; };
		3ADD56091997C988009807BB /* ClefViewController.swift in Sources */ = {isa = PBXBuildFile; fileRef = 3ADD56081997C988009807BB /* ClefViewController.swift */; };
		3ADD560B1997CB4B009807BB /* NotesViewController.swift in Sources */ = {isa = PBXBuildFile; fileRef = 3ADD560A1997CB4B009807BB /* NotesViewController.swift */; };
		3ADD560D1997CCF5009807BB /* GameState.swift in Sources */ = {isa = PBXBuildFile; fileRef = 3ADD560C1997CCF5009807BB /* GameState.swift */; };
		3ADD560F1997CD54009807BB /* Util.swift in Sources */ = {isa = PBXBuildFile; fileRef = 3ADD560E1997CD54009807BB /* Util.swift */; };
		3ADD561119986BCC009807BB /* ModeViewController.swift in Sources */ = {isa = PBXBuildFile; fileRef = 3ADD561019986BCC009807BB /* ModeViewController.swift */; };
		3ADD561319986F26009807BB /* GameplayViewController.swift in Sources */ = {isa = PBXBuildFile; fileRef = 3ADD561219986F26009807BB /* GameplayViewController.swift */; };
		3AEA4CF2199960D500171F97 /* GameplayScene.swift in Sources */ = {isa = PBXBuildFile; fileRef = 3AEA4CF1199960D500171F97 /* GameplayScene.swift */; };
		3AEA4CF61999ADD300171F97 /* BackgroundNode.swift in Sources */ = {isa = PBXBuildFile; fileRef = 3AEA4CF51999ADD300171F97 /* BackgroundNode.swift */; };
		3AEA4CF81999B8D100171F97 /* NoteNode.swift in Sources */ = {isa = PBXBuildFile; fileRef = 3AEA4CF71999B8D100171F97 /* NoteNode.swift */; };
/* End PBXBuildFile section */

/* Begin PBXContainerItemProxy section */
		3ADD55F91997C951009807BB /* PBXContainerItemProxy */ = {
			isa = PBXContainerItemProxy;
			containerPortal = 3ADD55DA1997C950009807BB /* Project object */;
			proxyType = 1;
			remoteGlobalIDString = 3ADD55E11997C950009807BB;
			remoteInfo = "Clef Quizzer";
		};
/* End PBXContainerItemProxy section */

/* Begin PBXFileReference section */
		3A140BBA199D8B2400FADDBA /* PracticeScene.swift */ = {isa = PBXFileReference; fileEncoding = 4; lastKnownFileType = sourcecode.swift; path = PracticeScene.swift; sourceTree = "<group>"; };
		3A140BBE199D8DE300FADDBA /* TrainingScene.swift */ = {isa = PBXFileReference; fileEncoding = 4; lastKnownFileType = sourcecode.swift; name = TrainingScene.swift; path = ../TrainingScene.swift; sourceTree = "<group>"; };
		3A140BC0199D8E4600FADDBA /* ChallengeScene.swift */ = {isa = PBXFileReference; fileEncoding = 4; lastKnownFileType = sourcecode.swift; name = ChallengeScene.swift; path = ../ChallengeScene.swift; sourceTree = "<group>"; };
		3A140BC2199D908800FADDBA /* PracticeHudNode.swift */ = {isa = PBXFileReference; fileEncoding = 4; lastKnownFileType = sourcecode.swift; path = PracticeHudNode.swift; sourceTree = "<group>"; };
		3A140BC4199D966300FADDBA /* ChallengeHud.swift */ = {isa = PBXFileReference; fileEncoding = 4; lastKnownFileType = sourcecode.swift; path = ChallengeHud.swift; sourceTree = "<group>"; };
		3A140BC6199DA24600FADDBA /* GameOverScene.swift */ = {isa = PBXFileReference; fileEncoding = 4; lastKnownFileType = sourcecode.swift; path = GameOverScene.swift; sourceTree = "<group>"; };
		3A6A1ADE199C3B10001CDDDB /* Sprites.atlas */ = {isa = PBXFileReference; lastKnownFileType = folder.skatlas; path = Sprites.atlas; sourceTree = "<group>"; };
		3A73ABFB199BEA4000AD13EC /* SpriteButton.swift */ = {isa = PBXFileReference; fileEncoding = 4; lastKnownFileType = sourcecode.swift; path = SpriteButton.swift; sourceTree = "<group>"; };
		3ADD55E21997C950009807BB /* Clef Quizzer.app */ = {isa = PBXFileReference; explicitFileType = wrapper.application; includeInIndex = 0; path = "Clef Quizzer.app"; sourceTree = BUILT_PRODUCTS_DIR; };
		3ADD55E61997C950009807BB /* Info.plist */ = {isa = PBXFileReference; lastKnownFileType = text.plist.xml; path = Info.plist; sourceTree = "<group>"; };
		3ADD55E71997C950009807BB /* AppDelegate.swift */ = {isa = PBXFileReference; lastKnownFileType = sourcecode.swift; path = AppDelegate.swift; sourceTree = "<group>"; };
		3ADD55F01997C951009807BB /* Base */ = {isa = PBXFileReference; lastKnownFileType = file.storyboard; name = Base; path = Base.lproj/Main.storyboard; sourceTree = "<group>"; };
		3ADD55F21997C951009807BB /* Images.xcassets */ = {isa = PBXFileReference; lastKnownFileType = folder.assetcatalog; path = Images.xcassets; sourceTree = "<group>"; };
		3ADD55F81997C951009807BB /* Clef QuizzerTests.xctest */ = {isa = PBXFileReference; explicitFileType = wrapper.cfbundle; includeInIndex = 0; path = "Clef QuizzerTests.xctest"; sourceTree = BUILT_PRODUCTS_DIR; };
		3ADD55FD1997C951009807BB /* Info.plist */ = {isa = PBXFileReference; lastKnownFileType = text.plist.xml; path = Info.plist; sourceTree = "<group>"; };
		3ADD55FE1997C951009807BB /* Clef_QuizzerTests.swift */ = {isa = PBXFileReference; lastKnownFileType = sourcecode.swift; path = Clef_QuizzerTests.swift; sourceTree = "<group>"; };
		3ADD56081997C988009807BB /* ClefViewController.swift */ = {isa = PBXFileReference; fileEncoding = 4; lastKnownFileType = sourcecode.swift; path = ClefViewController.swift; sourceTree = "<group>"; };
		3ADD560A1997CB4B009807BB /* NotesViewController.swift */ = {isa = PBXFileReference; fileEncoding = 4; lastKnownFileType = sourcecode.swift; path = NotesViewController.swift; sourceTree = "<group>"; };
		3ADD560C1997CCF5009807BB /* GameState.swift */ = {isa = PBXFileReference; fileEncoding = 4; lastKnownFileType = sourcecode.swift; path = GameState.swift; sourceTree = "<group>"; };
		3ADD560E1997CD54009807BB /* Util.swift */ = {isa = PBXFileReference; fileEncoding = 4; lastKnownFileType = sourcecode.swift; path = Util.swift; sourceTree = "<group>"; };
		3ADD561019986BCC009807BB /* ModeViewController.swift */ = {isa = PBXFileReference; fileEncoding = 4; lastKnownFileType = sourcecode.swift; path = ModeViewController.swift; sourceTree = "<group>"; };
		3ADD561219986F26009807BB /* GameplayViewController.swift */ = {isa = PBXFileReference; fileEncoding = 4; lastKnownFileType = sourcecode.swift; path = GameplayViewController.swift; sourceTree = "<group>"; };
		3AEA4CF1199960D500171F97 /* GameplayScene.swift */ = {isa = PBXFileReference; fileEncoding = 4; lastKnownFileType = sourcecode.swift; name = GameplayScene.swift; path = ../GameplayScene.swift; sourceTree = "<group>"; };
		3AEA4CF51999ADD300171F97 /* BackgroundNode.swift */ = {isa = PBXFileReference; fileEncoding = 4; lastKnownFileType = sourcecode.swift; name = BackgroundNode.swift; path = ../BackgroundNode.swift; sourceTree = "<group>"; };
		3AEA4CF71999B8D100171F97 /* NoteNode.swift */ = {isa = PBXFileReference; fileEncoding = 4; lastKnownFileType = sourcecode.swift; name = NoteNode.swift; path = ../NoteNode.swift; sourceTree = "<group>"; };
/* End PBXFileReference section */

/* Begin PBXFrameworksBuildPhase section */
		3ADD55DF1997C950009807BB /* Frameworks */ = {
			isa = PBXFrameworksBuildPhase;
			buildActionMask = 2147483647;
			files = (
			);
			runOnlyForDeploymentPostprocessing = 0;
		};
		3ADD55F51997C951009807BB /* Frameworks */ = {
			isa = PBXFrameworksBuildPhase;
			buildActionMask = 2147483647;
			files = (
			);
			runOnlyForDeploymentPostprocessing = 0;
		};
/* End PBXFrameworksBuildPhase section */

/* Begin PBXGroup section */
		3ADD55D91997C950009807BB = {
			isa = PBXGroup;
			children = (
				3ADD55E41997C950009807BB /* Clef Quizzer */,
				3ADD55FB1997C951009807BB /* Clef QuizzerTests */,
				3ADD55E31997C950009807BB /* Products */,
			);
			sourceTree = "<group>";
		};
		3ADD55E31997C950009807BB /* Products */ = {
			isa = PBXGroup;
			children = (
				3ADD55E21997C950009807BB /* Clef Quizzer.app */,
				3ADD55F81997C951009807BB /* Clef QuizzerTests.xctest */,
			);
			name = Products;
			sourceTree = "<group>";
		};
		3ADD55E41997C950009807BB /* Clef Quizzer */ = {
			isa = PBXGroup;
			children = (
				3AEA4CF41999619C00171F97 /* Nodes */,
				3AEA4CF31999618A00171F97 /* Scenes */,
				3ADD56141998705A009807BB /* Menus */,
				3ADD560C1997CCF5009807BB /* GameState.swift */,
				3ADD560E1997CD54009807BB /* Util.swift */,
				3A6A1ADE199C3B10001CDDDB /* Sprites.atlas */,
				3ADD55F21997C951009807BB /* Images.xcassets */,
				3ADD55E51997C950009807BB /* Supporting Files */,
			);
			path = "Clef Quizzer";
			sourceTree = "<group>";
		};
		3ADD55E51997C950009807BB /* Supporting Files */ = {
			isa = PBXGroup;
			children = (
				3ADD55E71997C950009807BB /* AppDelegate.swift */,
				3ADD55E61997C950009807BB /* Info.plist */,
			);
			name = "Supporting Files";
			sourceTree = "<group>";
		};
		3ADD55FB1997C951009807BB /* Clef QuizzerTests */ = {
			isa = PBXGroup;
			children = (
				3ADD55FE1997C951009807BB /* Clef_QuizzerTests.swift */,
				3ADD55FC1997C951009807BB /* Supporting Files */,
			);
			path = "Clef QuizzerTests";
			sourceTree = "<group>";
		};
		3ADD55FC1997C951009807BB /* Supporting Files */ = {
			isa = PBXGroup;
			children = (
				3ADD55FD1997C951009807BB /* Info.plist */,
			);
			name = "Supporting Files";
			sourceTree = "<group>";
		};
		3ADD56141998705A009807BB /* Menus */ = {
			isa = PBXGroup;
			children = (
				3ADD56081997C988009807BB /* ClefViewController.swift */,
				3ADD55EF1997C951009807BB /* Main.storyboard */,
				3ADD561219986F26009807BB /* GameplayViewController.swift */,
				3ADD561019986BCC009807BB /* ModeViewController.swift */,
				3ADD560A1997CB4B009807BB /* NotesViewController.swift */,
			);
			name = Menus;
			sourceTree = "<group>";
		};
		3AEA4CF31999618A00171F97 /* Scenes */ = {
			isa = PBXGroup;
			children = (
				3A140BC0199D8E4600FADDBA /* ChallengeScene.swift */,
				3A140BC6199DA24600FADDBA /* GameOverScene.swift */,
				3A140BBE199D8DE300FADDBA /* TrainingScene.swift */,
				3A140BBA199D8B2400FADDBA /* PracticeScene.swift */,
				3AEA4CF1199960D500171F97 /* GameplayScene.swift */,
			);
			name = Scenes;
			sourceTree = "<group>";
		};
		3AEA4CF41999619C00171F97 /* Nodes */ = {
			isa = PBXGroup;
			children = (
				3A140BC2199D908800FADDBA /* PracticeHudNode.swift */,
				3A140BC4199D966300FADDBA /* ChallengeHud.swift */,
				3A73ABFB199BEA4000AD13EC /* SpriteButton.swift */,
				3AEA4CF71999B8D100171F97 /* NoteNode.swift */,
				3AEA4CF51999ADD300171F97 /* BackgroundNode.swift */,
			);
			name = Nodes;
			sourceTree = "<group>";
		};
/* End PBXGroup section */

/* Begin PBXNativeTarget section */
		3ADD55E11997C950009807BB /* Clef Quizzer */ = {
			isa = PBXNativeTarget;
			buildConfigurationList = 3ADD56021997C951009807BB /* Build configuration list for PBXNativeTarget "Clef Quizzer" */;
			buildPhases = (
				3ADD55DE1997C950009807BB /* Sources */,
				3ADD55DF1997C950009807BB /* Frameworks */,
				3ADD55E01997C950009807BB /* Resources */,
			);
			buildRules = (
			);
			dependencies = (
			);
			name = "Clef Quizzer";
			productName = "Clef Quizzer";
			productReference = 3ADD55E21997C950009807BB /* Clef Quizzer.app */;
			productType = "com.apple.product-type.application";
		};
		3ADD55F71997C951009807BB /* Clef QuizzerTests */ = {
			isa = PBXNativeTarget;
			buildConfigurationList = 3ADD56051997C951009807BB /* Build configuration list for PBXNativeTarget "Clef QuizzerTests" */;
			buildPhases = (
				3ADD55F41997C951009807BB /* Sources */,
				3ADD55F51997C951009807BB /* Frameworks */,
				3ADD55F61997C951009807BB /* Resources */,
			);
			buildRules = (
			);
			dependencies = (
				3ADD55FA1997C951009807BB /* PBXTargetDependency */,
			);
			name = "Clef QuizzerTests";
			productName = "Clef QuizzerTests";
			productReference = 3ADD55F81997C951009807BB /* Clef QuizzerTests.xctest */;
			productType = "com.apple.product-type.bundle.unit-test";
		};
/* End PBXNativeTarget section */

/* Begin PBXProject section */
		3ADD55DA1997C950009807BB /* Project object */ = {
			isa = PBXProject;
			attributes = {
				LastUpgradeCheck = 0600;
				ORGANIZATIONNAME = "Stone Preston";
				TargetAttributes = {
					3ADD55E11997C950009807BB = {
						CreatedOnToolsVersion = 6.0;
					};
					3ADD55F71997C951009807BB = {
						CreatedOnToolsVersion = 6.0;
						TestTargetID = 3ADD55E11997C950009807BB;
					};
				};
			};
			buildConfigurationList = 3ADD55DD1997C950009807BB /* Build configuration list for PBXProject "Clef Quizzer" */;
			compatibilityVersion = "Xcode 3.2";
			developmentRegion = English;
			hasScannedForEncodings = 0;
			knownRegions = (
				en,
				Base,
			);
			mainGroup = 3ADD55D91997C950009807BB;
			productRefGroup = 3ADD55E31997C950009807BB /* Products */;
			projectDirPath = "";
			projectRoot = "";
			targets = (
				3ADD55E11997C950009807BB /* Clef Quizzer */,
				3ADD55F71997C951009807BB /* Clef QuizzerTests */,
			);
		};
/* End PBXProject section */

/* Begin PBXResourcesBuildPhase section */
		3ADD55E01997C950009807BB /* Resources */ = {
			isa = PBXResourcesBuildPhase;
			buildActionMask = 2147483647;
			files = (
				3A6A1ADF199C3B10001CDDDB /* Sprites.atlas in Resources */,
				3ADD55F31997C951009807BB /* Images.xcassets in Resources */,
				3ADD55F11997C951009807BB /* Main.storyboard in Resources */,
			);
			runOnlyForDeploymentPostprocessing = 0;
		};
		3ADD55F61997C951009807BB /* Resources */ = {
			isa = PBXResourcesBuildPhase;
			buildActionMask = 2147483647;
			files = (
			);
			runOnlyForDeploymentPostprocessing = 0;
		};
/* End PBXResourcesBuildPhase section */

/* Begin PBXSourcesBuildPhase section */
		3ADD55DE1997C950009807BB /* Sources */ = {
			isa = PBXSourcesBuildPhase;
			buildActionMask = 2147483647;
			files = (
				3A73ABFC199BEA4100AD13EC /* SpriteButton.swift in Sources */,
				3A140BC5199D966300FADDBA /* ChallengeHud.swift in Sources */,
				3ADD56091997C988009807BB /* ClefViewController.swift in Sources */,
				3A140BC1199D8E4600FADDBA /* ChallengeScene.swift in Sources */,
				3A140BC3199D908800FADDBA /* PracticeHudNode.swift in Sources */,
				3A140BC7199DA24600FADDBA /* GameOverScene.swift in Sources */,
				3AEA4CF81999B8D100171F97 /* NoteNode.swift in Sources */,
				3AEA4CF2199960D500171F97 /* GameplayScene.swift in Sources */,
				3ADD560B1997CB4B009807BB /* NotesViewController.swift in Sources */,
				3ADD561319986F26009807BB /* GameplayViewController.swift in Sources */,
				3ADD560D1997CCF5009807BB /* GameState.swift in Sources */,
				3A140BBB199D8B2400FADDBA /* PracticeScene.swift in Sources */,
				3ADD560F1997CD54009807BB /* Util.swift in Sources */,
				3ADD55E81997C950009807BB /* AppDelegate.swift in Sources */,
				3A140BBF199D8DE300FADDBA /* TrainingScene.swift in Sources */,
				3ADD561119986BCC009807BB /* ModeViewController.swift in Sources */,
				3AEA4CF61999ADD300171F97 /* BackgroundNode.swift in Sources */,
			);
			runOnlyForDeploymentPostprocessing = 0;
		};
		3ADD55F41997C951009807BB /* Sources */ = {
			isa = PBXSourcesBuildPhase;
			buildActionMask = 2147483647;
			files = (
				3ADD55FF1997C951009807BB /* Clef_QuizzerTests.swift in Sources */,
			);
			runOnlyForDeploymentPostprocessing = 0;
		};
/* End PBXSourcesBuildPhase section */

/* Begin PBXTargetDependency section */
		3ADD55FA1997C951009807BB /* PBXTargetDependency */ = {
			isa = PBXTargetDependency;
			target = 3ADD55E11997C950009807BB /* Clef Quizzer */;
			targetProxy = 3ADD55F91997C951009807BB /* PBXContainerItemProxy */;
		};
/* End PBXTargetDependency section */

/* Begin PBXVariantGroup section */
		3ADD55EF1997C951009807BB /* Main.storyboard */ = {
			isa = PBXVariantGroup;
			children = (
				3ADD55F01997C951009807BB /* Base */,
			);
			name = Main.storyboard;
			sourceTree = "<group>";
		};
/* End PBXVariantGroup section */

/* Begin XCBuildConfiguration section */
		3ADD56001997C951009807BB /* Debug */ = {
			isa = XCBuildConfiguration;
			buildSettings = {
				ALWAYS_SEARCH_USER_PATHS = NO;
				CLANG_CXX_LANGUAGE_STANDARD = "gnu++0x";
				CLANG_CXX_LIBRARY = "libc++";
				CLANG_ENABLE_MODULES = YES;
				CLANG_ENABLE_OBJC_ARC = YES;
				CLANG_WARN_BOOL_CONVERSION = YES;
				CLANG_WARN_CONSTANT_CONVERSION = YES;
				CLANG_WARN_DIRECT_OBJC_ISA_USAGE = YES_ERROR;
				CLANG_WARN_EMPTY_BODY = YES;
				CLANG_WARN_ENUM_CONVERSION = YES;
				CLANG_WARN_INT_CONVERSION = YES;
				CLANG_WARN_OBJC_ROOT_CLASS = YES_ERROR;
				CLANG_WARN_UNREACHABLE_CODE = YES;
				CLANG_WARN__DUPLICATE_METHOD_MATCH = YES;
				"CODE_SIGN_IDENTITY[sdk=iphoneos*]" = "iPhone Developer";
				COPY_PHASE_STRIP = NO;
				ENABLE_STRICT_OBJC_MSGSEND = YES;
				GCC_C_LANGUAGE_STANDARD = gnu99;
				GCC_DYNAMIC_NO_PIC = NO;
				GCC_OPTIMIZATION_LEVEL = 0;
				GCC_PREPROCESSOR_DEFINITIONS = (
					"DEBUG=1",
					"$(inherited)",
				);
				GCC_SYMBOLS_PRIVATE_EXTERN = NO;
				GCC_WARN_64_TO_32_BIT_CONVERSION = YES;
				GCC_WARN_ABOUT_RETURN_TYPE = YES_ERROR;
				GCC_WARN_UNDECLARED_SELECTOR = YES;
				GCC_WARN_UNINITIALIZED_AUTOS = YES_AGGRESSIVE;
				GCC_WARN_UNUSED_FUNCTION = YES;
				GCC_WARN_UNUSED_VARIABLE = YES;
				IPHONEOS_DEPLOYMENT_TARGET = 7.1;
				MTL_ENABLE_DEBUG_INFO = YES;
				ONLY_ACTIVE_ARCH = YES;
				SDKROOT = iphoneos7.1;
				SWIFT_OPTIMIZATION_LEVEL = "-Onone";
			};
			name = Debug;
		};
		3ADD56011997C951009807BB /* Release */ = {
			isa = XCBuildConfiguration;
			buildSettings = {
				ALWAYS_SEARCH_USER_PATHS = NO;
				CLANG_CXX_LANGUAGE_STANDARD = "gnu++0x";
				CLANG_CXX_LIBRARY = "libc++";
				CLANG_ENABLE_MODULES = YES;
				CLANG_ENABLE_OBJC_ARC = YES;
				CLANG_WARN_BOOL_CONVERSION = YES;
				CLANG_WARN_CONSTANT_CONVERSION = YES;
				CLANG_WARN_DIRECT_OBJC_ISA_USAGE = YES_ERROR;
				CLANG_WARN_EMPTY_BODY = YES;
				CLANG_WARN_ENUM_CONVERSION = YES;
				CLANG_WARN_INT_CONVERSION = YES;
				CLANG_WARN_OBJC_ROOT_CLASS = YES_ERROR;
				CLANG_WARN_UNREACHABLE_CODE = YES;
				CLANG_WARN__DUPLICATE_METHOD_MATCH = YES;
				"CODE_SIGN_IDENTITY[sdk=iphoneos*]" = "iPhone Developer";
				COPY_PHASE_STRIP = YES;
				ENABLE_NS_ASSERTIONS = NO;
				ENABLE_STRICT_OBJC_MSGSEND = YES;
				GCC_C_LANGUAGE_STANDARD = gnu99;
				GCC_WARN_64_TO_32_BIT_CONVERSION = YES;
				GCC_WARN_ABOUT_RETURN_TYPE = YES_ERROR;
				GCC_WARN_UNDECLARED_SELECTOR = YES;
				GCC_WARN_UNINITIALIZED_AUTOS = YES_AGGRESSIVE;
				GCC_WARN_UNUSED_FUNCTION = YES;
				GCC_WARN_UNUSED_VARIABLE = YES;
				IPHONEOS_DEPLOYMENT_TARGET = 7.1;
				MTL_ENABLE_DEBUG_INFO = NO;
				SDKROOT = iphoneos7.1;
				VALIDATE_PRODUCT = YES;
			};
			name = Release;
		};
		3ADD56031997C951009807BB /* Debug */ = {
			isa = XCBuildConfiguration;
			buildSettings = {
				ASSETCATALOG_COMPILER_APPICON_NAME = AppIcon;
				ASSETCATALOG_COMPILER_LAUNCHIMAGE_NAME = LaunchImage;
				INFOPLIST_FILE = "Clef Quizzer/Info.plist";
				LD_RUNPATH_SEARCH_PATHS = "$(inherited) @executable_path/Frameworks";
				PRODUCT_NAME = "$(TARGET_NAME)";
				TARGETED_DEVICE_FAMILY = 1;
			};
			name = Debug;
		};
		3ADD56041997C951009807BB /* Release */ = {
			isa = XCBuildConfiguration;
			buildSettings = {
				ASSETCATALOG_COMPILER_APPICON_NAME = AppIcon;
				ASSETCATALOG_COMPILER_LAUNCHIMAGE_NAME = LaunchImage;
				INFOPLIST_FILE = "Clef Quizzer/Info.plist";
				LD_RUNPATH_SEARCH_PATHS = "$(inherited) @executable_path/Frameworks";
				PRODUCT_NAME = "$(TARGET_NAME)";
				TARGETED_DEVICE_FAMILY = 1;
			};
			name = Release;
		};
		3ADD56061997C951009807BB /* Debug */ = {
			isa = XCBuildConfiguration;
			buildSettings = {
				BUNDLE_LOADER = "$(TEST_HOST)";
				FRAMEWORK_SEARCH_PATHS = (
					"$(SDKROOT)/Developer/Library/Frameworks",
					"$(inherited)",
				);
				GCC_PREPROCESSOR_DEFINITIONS = (
					"DEBUG=1",
					"$(inherited)",
				);
				INFOPLIST_FILE = "Clef QuizzerTests/Info.plist";
				LD_RUNPATH_SEARCH_PATHS = "$(inherited) @executable_path/Frameworks @loader_path/Frameworks";
				PRODUCT_NAME = "$(TARGET_NAME)";
				SDKROOT = iphoneos7.1;
				TEST_HOST = "$(BUILT_PRODUCTS_DIR)/Clef Quizzer.app/Clef Quizzer";
			};
			name = Debug;
		};
		3ADD56071997C951009807BB /* Release */ = {
			isa = XCBuildConfiguration;
			buildSettings = {
				BUNDLE_LOADER = "$(TEST_HOST)";
				FRAMEWORK_SEARCH_PATHS = (
					"$(SDKROOT)/Developer/Library/Frameworks",
					"$(inherited)",
				);
				INFOPLIST_FILE = "Clef QuizzerTests/Info.plist";
				LD_RUNPATH_SEARCH_PATHS = "$(inherited) @executable_path/Frameworks @loader_path/Frameworks";
				PRODUCT_NAME = "$(TARGET_NAME)";
				SDKROOT = iphoneos7.1;
				TEST_HOST = "$(BUILT_PRODUCTS_DIR)/Clef Quizzer.app/Clef Quizzer";
			};
			name = Release;
		};
/* End XCBuildConfiguration section */

/* Begin XCConfigurationList section */
		3ADD55DD1997C950009807BB /* Build configuration list for PBXProject "Clef Quizzer" */ = {
			isa = XCConfigurationList;
			buildConfigurations = (
				3ADD56001997C951009807BB /* Debug */,
				3ADD56011997C951009807BB /* Release */,
			);
			defaultConfigurationIsVisible = 0;
			defaultConfigurationName = Release;
		};
		3ADD56021997C951009807BB /* Build configuration list for PBXNativeTarget "Clef Quizzer" */ = {
			isa = XCConfigurationList;
			buildConfigurations = (
				3ADD56031997C951009807BB /* Debug */,
				3ADD56041997C951009807BB /* Release */,
			);
			defaultConfigurationIsVisible = 0;
			defaultConfigurationName = Release;
		};
		3ADD56051997C951009807BB /* Build configuration list for PBXNativeTarget "Clef QuizzerTests" */ = {
			isa = XCConfigurationList;
			buildConfigurations = (
				3ADD56061997C951009807BB /* Debug */,
				3ADD56071997C951009807BB /* Release */,
			);
			defaultConfigurationIsVisible = 0;
			defaultConfigurationName = Release;
		};
/* End XCConfigurationList section */
	};
	rootObject = 3ADD55DA1997C950009807BB /* Project object */;
}
